<?xml version="1.0" encoding="UTF-8"?>
<!DOCTYPE plist PUBLIC "-//Apple//DTD PLIST 1.0//EN" "http://www.apple.com/DTDs/PropertyList-1.0.dtd">
<plist version="1.0">
<dict>
	<key>archiveVersion</key>
	<string>1</string>
	<key>classes</key>
	<dict/>
	<key>objectVersion</key>
	<string>46</string>
	<key>objects</key>
	<dict>
		<key>08FB7793FE84155DC02AAC07</key>
		<dict>
			<key>attributes</key>
			<dict>
				<key>LastUpgradeCheck</key>
				<string>0430</string>
			</dict>
			<key>buildConfigurationList</key>
			<string>1DEB927808733DD40010E9CD</string>
			<key>compatibilityVersion</key>
			<string>Xcode 3.2</string>
			<key>developmentRegion</key>
			<string>English</string>
			<key>hasScannedForEncodings</key>
			<string>1</string>
			<key>isa</key>
			<string>PBXProject</string>
			<key>knownRegions</key>
			<array>
				<string>en</string>
			</array>
			<key>mainGroup</key>
			<string>08FB7794FE84155DC02AAC07</string>
			<key>projectDirPath</key>
			<string></string>
			<key>projectReferences</key>
			<array/>
			<key>projectRoot</key>
			<string></string>
			<key>targets</key>
			<array>
				<string>8DD76F960486AA7600D96B5E</string>
			</array>
		</dict>
		<key>08FB7794FE84155DC02AAC07</key>
		<dict>
			<key>children</key>
			<array>
				<string>08FB7795FE84155DC02AAC07</string>
				<string>C6859EA2029092E104C91782</string>
				<string>08FB779DFE84155DC02AAC07</string>
				<string>1AB674ADFE9D54B511CA2CBB</string>
				<string>AE28D723DE37484F9B4687BB</string>
				<string>FBC889A7397D47DAA1FE18B7</string>
			</array>
			<key>isa</key>
			<string>PBXGroup</string>
			<key>name</key>
			<string>whereami</string>
			<key>sourceTree</key>
			<string>&lt;group&gt;</string>
		</dict>
		<key>08FB7795FE84155DC02AAC07</key>
		<dict>
			<key>children</key>
			<array>
				<string>32A70AAB03705E1F00C91783</string>
				<string>08FB7796FE84155DC02AAC07</string>
				<string>57863D87112C264E0066128A</string>
				<string>57863D88112C264E0066128A</string>
			</array>
			<key>isa</key>
			<string>PBXGroup</string>
			<key>name</key>
			<string>Source</string>
			<key>sourceTree</key>
			<string>&lt;group&gt;</string>
		</dict>
		<key>08FB7796FE84155DC02AAC07</key>
		<dict>
			<key>fileEncoding</key>
			<string>4</string>
			<key>isa</key>
			<string>PBXFileReference</string>
			<key>lastKnownFileType</key>
			<string>sourcecode.c.objc</string>
			<key>path</key>
			<string>whereami.m</string>
			<key>sourceTree</key>
			<string>&lt;group&gt;</string>
		</dict>
		<key>08FB779DFE84155DC02AAC07</key>
		<dict>
			<key>children</key>
			<array>
				<string>57863D7F112C25240066128A</string>
				<string>577A353E112D24EB00A9D832</string>
			</array>
			<key>isa</key>
			<string>PBXGroup</string>
			<key>name</key>
			<string>External Frameworks and Libraries</string>
			<key>sourceTree</key>
			<string>&lt;group&gt;</string>
		</dict>
		<key>1AB674ADFE9D54B511CA2CBB</key>
		<dict>
			<key>children</key>
			<array>
				<string>8DD76FA10486AA7600D96B5E</string>
			</array>
			<key>isa</key>
			<string>PBXGroup</string>
			<key>name</key>
			<string>Products</string>
			<key>sourceTree</key>
			<string>&lt;group&gt;</string>
		</dict>
		<key>1DEB927408733DD40010E9CD</key>
		<dict>
			<key>buildConfigurations</key>
			<array>
				<string>1DEB927508733DD40010E9CD</string>
				<string>1DEB927608733DD40010E9CD</string>
			</array>
			<key>defaultConfigurationIsVisible</key>
			<string>0</string>
			<key>defaultConfigurationName</key>
			<string>Release</string>
			<key>isa</key>
			<string>XCConfigurationList</string>
		</dict>
		<key>1DEB927508733DD40010E9CD</key>
		<dict>
			<key>baseConfigurationReference</key>
			<string>AE28D723DE37484F9B4687BB</string>
			<key>buildSettings</key>
			<dict>
				<key>ALWAYS_SEARCH_USER_PATHS</key>
				<string>NO</string>
				<key>COPY_PHASE_STRIP</key>
				<string>NO</string>
				<key>GCC_DYNAMIC_NO_PIC</key>
				<string>NO</string>
				<key>GCC_MODEL_TUNING</key>
				<string>G5</string>
				<key>GCC_OPTIMIZATION_LEVEL</key>
				<string>0</string>
				<key>GCC_PRECOMPILE_PREFIX_HEADER</key>
				<string>YES</string>
				<key>GCC_PREFIX_HEADER</key>
				<string>whereami_Prefix.pch</string>
				<key>INSTALL_PATH</key>
				<string>/usr/local/bin</string>
				<key>PRODUCT_NAME</key>
				<string>whereami</string>
			</dict>
			<key>isa</key>
			<string>XCBuildConfiguration</string>
			<key>name</key>
			<string>Debug</string>
		</dict>
		<key>1DEB927608733DD40010E9CD</key>
		<dict>
			<key>baseConfigurationReference</key>
			<string>AE28D723DE37484F9B4687BB</string>
			<key>buildSettings</key>
			<dict>
				<key>ALWAYS_SEARCH_USER_PATHS</key>
				<string>NO</string>
				<key>DEBUG_INFORMATION_FORMAT</key>
				<string>dwarf-with-dsym</string>
				<key>GCC_MODEL_TUNING</key>
				<string>G5</string>
				<key>GCC_PRECOMPILE_PREFIX_HEADER</key>
				<string>YES</string>
				<key>GCC_PREFIX_HEADER</key>
				<string>whereami_Prefix.pch</string>
				<key>INSTALL_PATH</key>
				<string>/usr/local/bin</string>
				<key>PRODUCT_NAME</key>
				<string>whereami</string>
			</dict>
			<key>isa</key>
			<string>XCBuildConfiguration</string>
			<key>name</key>
			<string>Release</string>
		</dict>
		<key>1DEB927808733DD40010E9CD</key>
		<dict>
			<key>buildConfigurations</key>
			<array>
				<string>1DEB927908733DD40010E9CD</string>
				<string>1DEB927A08733DD40010E9CD</string>
			</array>
			<key>defaultConfigurationIsVisible</key>
			<string>0</string>
			<key>defaultConfigurationName</key>
			<string>Release</string>
			<key>isa</key>
			<string>XCConfigurationList</string>
		</dict>
		<key>1DEB927908733DD40010E9CD</key>
		<dict>
			<key>buildSettings</key>
			<dict>
				<key>ARCHS</key>
				<string>$(ARCHS_STANDARD_32_64_BIT)</string>
				<key>GCC_C_LANGUAGE_STANDARD</key>
				<string>gnu99</string>
				<key>GCC_OPTIMIZATION_LEVEL</key>
				<string>0</string>
				<key>GCC_WARN_ABOUT_RETURN_TYPE</key>
				<string>YES</string>
				<key>GCC_WARN_UNUSED_VARIABLE</key>
				<string>YES</string>
				<key>ONLY_ACTIVE_ARCH</key>
				<string>YES</string>
				<key>SDKROOT</key>
				<string>macosx</string>
			</dict>
			<key>isa</key>
			<string>XCBuildConfiguration</string>
			<key>name</key>
			<string>Debug</string>
		</dict>
		<key>1DEB927A08733DD40010E9CD</key>
		<dict>
			<key>buildSettings</key>
			<dict>
				<key>ARCHS</key>
				<string>$(ARCHS_STANDARD_32_64_BIT)</string>
				<key>GCC_C_LANGUAGE_STANDARD</key>
				<string>gnu99</string>
				<key>GCC_WARN_ABOUT_RETURN_TYPE</key>
				<string>YES</string>
				<key>GCC_WARN_UNUSED_VARIABLE</key>
				<string>YES</string>
				<key>SDKROOT</key>
				<string>macosx</string>
				<key>VALID_ARCHS</key>
				<string>i386 x86_64</string>
			</dict>
			<key>isa</key>
			<string>XCBuildConfiguration</string>
			<key>name</key>
			<string>Release</string>
		</dict>
		<key>2A93DB4339814C8FAA0D99F5</key>
		<dict>
			<key>explicitFileType</key>
			<string>archive.ar</string>
			<key>includeInIndex</key>
			<string>0</string>
			<key>isa</key>
			<string>PBXFileReference</string>
			<key>path</key>
			<string>libPods.a</string>
			<key>sourceTree</key>
			<string>BUILT_PRODUCTS_DIR</string>
		</dict>
		<key>32A70AAB03705E1F00C91783</key>
		<dict>
			<key>fileEncoding</key>
			<string>4</string>
			<key>isa</key>
			<string>PBXFileReference</string>
			<key>lastKnownFileType</key>
			<string>sourcecode.c.h</string>
			<key>path</key>
			<string>whereami_Prefix.pch</string>
			<key>sourceTree</key>
			<string>&lt;group&gt;</string>
		</dict>
		<key>577A3420112C628A00A9D832</key>
		<dict>
			<key>fileEncoding</key>
			<string>4</string>
			<key>isa</key>
			<string>PBXFileReference</string>
			<key>lastKnownFileType</key>
			<string>text</string>
			<key>path</key>
			<string>LICENSE</string>
			<key>sourceTree</key>
			<string>&lt;group&gt;</string>
		</dict>
		<key>577A343F112C675400A9D832</key>
		<dict>
			<key>fileEncoding</key>
			<string>4</string>
			<key>isa</key>
			<string>PBXFileReference</string>
			<key>lastKnownFileType</key>
			<string>text</string>
			<key>path</key>
			<string>README.md</string>
			<key>sourceTree</key>
			<string>&lt;group&gt;</string>
		</dict>
		<key>577A353E112D24EB00A9D832</key>
		<dict>
			<key>isa</key>
			<string>PBXFileReference</string>
			<key>lastKnownFileType</key>
			<string>wrapper.framework</string>
			<key>name</key>
			<string>Foundation.framework</string>
			<key>path</key>
			<string>System/Library/Frameworks/Foundation.framework</string>
			<key>sourceTree</key>
			<string>SDKROOT</string>
		</dict>
		<key>577A353F112D24EB00A9D832</key>
		<dict>
			<key>fileRef</key>
			<string>577A353E112D24EB00A9D832</string>
			<key>isa</key>
			<string>PBXBuildFile</string>
		</dict>
		<key>57863D7F112C25240066128A</key>
		<dict>
			<key>isa</key>
			<string>PBXFileReference</string>
			<key>lastKnownFileType</key>
			<string>wrapper.framework</string>
			<key>name</key>
			<string>CoreLocation.framework</string>
			<key>path</key>
			<string>System/Library/Frameworks/CoreLocation.framework</string>
			<key>sourceTree</key>
			<string>SDKROOT</string>
		</dict>
		<key>57863D80112C25240066128A</key>
		<dict>
			<key>fileRef</key>
			<string>57863D7F112C25240066128A</string>
			<key>isa</key>
			<string>PBXBuildFile</string>
		</dict>
		<key>57863D87112C264E0066128A</key>
		<dict>
			<key>fileEncoding</key>
			<string>4</string>
			<key>isa</key>
			<string>PBXFileReference</string>
			<key>lastKnownFileType</key>
			<string>sourcecode.c.h</string>
			<key>path</key>
			<string>VJWhereAmI.h</string>
			<key>sourceTree</key>
			<string>&lt;group&gt;</string>
		</dict>
		<key>57863D88112C264E0066128A</key>
		<dict>
			<key>fileEncoding</key>
			<string>4</string>
			<key>isa</key>
			<string>PBXFileReference</string>
			<key>lastKnownFileType</key>
			<string>sourcecode.c.objc</string>
			<key>path</key>
			<string>VJWhereAmI.m</string>
			<key>sourceTree</key>
			<string>&lt;group&gt;</string>
		</dict>
		<key>57863D89112C264E0066128A</key>
		<dict>
			<key>fileRef</key>
			<string>57863D88112C264E0066128A</string>
			<key>isa</key>
			<string>PBXBuildFile</string>
		</dict>
		<key>645D3547CBF54A869C3979B5</key>
		<dict>
			<key>buildActionMask</key>
			<string>2147483647</string>
			<key>files</key>
			<array/>
			<key>inputPaths</key>
			<array/>
			<key>isa</key>
			<string>PBXShellScriptBuildPhase</string>
			<key>name</key>
			<string>Copy Pods Resources</string>
			<key>outputPaths</key>
			<array/>
			<key>runOnlyForDeploymentPostprocessing</key>
			<string>0</string>
			<key>shellPath</key>
			<string>/bin/sh</string>
			<key>shellScript</key>
			<string>"${SRCROOT}/Pods/Pods-resources.sh"
</string>
			<key>showEnvVarsInLog</key>
			<string>0</string>
		</dict>
		<key>8DD76F960486AA7600D96B5E</key>
		<dict>
			<key>buildConfigurationList</key>
			<string>1DEB927408733DD40010E9CD</string>
			<key>buildPhases</key>
			<array>
				<string>ADD056DDEBAF4F8D8BF8F24F</string>
				<string>8DD76F990486AA7600D96B5E</string>
				<string>8DD76F9B0486AA7600D96B5E</string>
				<string>8DD76F9E0486AA7600D96B5E</string>
				<string>645D3547CBF54A869C3979B5</string>
			</array>
			<key>buildRules</key>
			<array/>
			<key>dependencies</key>
			<array/>
			<key>isa</key>
			<string>PBXNativeTarget</string>
			<key>name</key>
			<string>whereami</string>
			<key>productInstallPath</key>
			<string>$(HOME)/bin</string>
			<key>productName</key>
			<string>whereami</string>
			<key>productReference</key>
			<string>8DD76FA10486AA7600D96B5E</string>
			<key>productType</key>
			<string>com.apple.product-type.tool</string>
		</dict>
		<key>8DD76F990486AA7600D96B5E</key>
		<dict>
			<key>buildActionMask</key>
			<string>2147483647</string>
			<key>files</key>
			<array>
				<string>8DD76F9A0486AA7600D96B5E</string>
				<string>57863D89112C264E0066128A</string>
			</array>
			<key>isa</key>
			<string>PBXSourcesBuildPhase</string>
			<key>runOnlyForDeploymentPostprocessing</key>
			<string>0</string>
		</dict>
		<key>8DD76F9A0486AA7600D96B5E</key>
		<dict>
			<key>fileRef</key>
			<string>08FB7796FE84155DC02AAC07</string>
			<key>isa</key>
			<string>PBXBuildFile</string>
			<key>settings</key>
			<dict>
				<key>ATTRIBUTES</key>
				<array/>
			</dict>
		</dict>
		<key>8DD76F9B0486AA7600D96B5E</key>
		<dict>
			<key>buildActionMask</key>
			<string>2147483647</string>
			<key>files</key>
			<array>
				<string>57863D80112C25240066128A</string>
				<string>577A353F112D24EB00A9D832</string>
				<string>F3D7D2EC31AF4F7D97A97857</string>
			</array>
			<key>isa</key>
			<string>PBXFrameworksBuildPhase</string>
			<key>runOnlyForDeploymentPostprocessing</key>
			<string>0</string>
		</dict>
		<key>8DD76F9E0486AA7600D96B5E</key>
		<dict>
			<key>buildActionMask</key>
			<string>8</string>
			<key>dstPath</key>
			<string>/usr/share/man/man1/</string>
			<key>dstSubfolderSpec</key>
			<string>0</string>
			<key>files</key>
			<array>
				<string>8DD76F9F0486AA7600D96B5E</string>
			</array>
			<key>isa</key>
			<string>PBXCopyFilesBuildPhase</string>
			<key>runOnlyForDeploymentPostprocessing</key>
			<string>1</string>
		</dict>
		<key>8DD76F9F0486AA7600D96B5E</key>
		<dict>
			<key>fileRef</key>
			<string>C6859EA3029092ED04C91782</string>
			<key>isa</key>
			<string>PBXBuildFile</string>
		</dict>
		<key>8DD76FA10486AA7600D96B5E</key>
		<dict>
			<key>explicitFileType</key>
			<string>compiled.mach-o.executable</string>
			<key>includeInIndex</key>
			<string>0</string>
			<key>isa</key>
			<string>PBXFileReference</string>
			<key>path</key>
			<string>whereami</string>
			<key>sourceTree</key>
			<string>BUILT_PRODUCTS_DIR</string>
		</dict>
		<key>ADD056DDEBAF4F8D8BF8F24F</key>
		<dict>
			<key>buildActionMask</key>
			<string>2147483647</string>
			<key>files</key>
			<array/>
			<key>inputPaths</key>
			<array/>
			<key>isa</key>
			<string>PBXShellScriptBuildPhase</string>
			<key>name</key>
			<string>Check Pods Manifest.lock</string>
			<key>outputPaths</key>
			<array/>
			<key>runOnlyForDeploymentPostprocessing</key>
			<string>0</string>
			<key>shellPath</key>
			<string>/bin/sh</string>
			<key>shellScript</key>
			<string>diff "${PODS_ROOT}/../Podfile.lock" "${PODS_ROOT}/Manifest.lock" &gt; /dev/null
if [[ $? != 0 ]] ; then
    cat &lt;&lt; EOM
error: The sandbox is not in sync with the Podfile.lock. Run 'pod install' or update your CocoaPods installation.
EOM
    exit 1
fi
</string>
			<key>showEnvVarsInLog</key>
			<string>0</string>
		</dict>
		<key>AE28D723DE37484F9B4687BB</key>
		<dict>
			<key>includeInIndex</key>
			<string>1</string>
			<key>isa</key>
			<string>PBXFileReference</string>
			<key>lastKnownFileType</key>
			<string>text.xcconfig</string>
			<key>name</key>
			<string>Pods.xcconfig</string>
			<key>path</key>
			<string>Pods/Pods.xcconfig</string>
			<key>sourceTree</key>
			<string>&lt;group&gt;</string>
		</dict>
		<key>C6859EA2029092E104C91782</key>
		<dict>
			<key>children</key>
			<array>
				<string>C6859EA3029092ED04C91782</string>
				<string>577A3420112C628A00A9D832</string>
				<string>577A343F112C675400A9D832</string>
			</array>
			<key>isa</key>
			<string>PBXGroup</string>
			<key>name</key>
			<string>Documentation</string>
			<key>sourceTree</key>
			<string>&lt;group&gt;</string>
		</dict>
		<key>C6859EA3029092ED04C91782</key>
		<dict>
			<key>isa</key>
			<string>PBXFileReference</string>
			<key>lastKnownFileType</key>
			<string>text.man</string>
			<key>path</key>
			<string>whereami.1</string>
			<key>sourceTree</key>
			<string>&lt;group&gt;</string>
		</dict>
		<key>F3D7D2EC31AF4F7D97A97857</key>
		<dict>
			<key>fileRef</key>
			<string>2A93DB4339814C8FAA0D99F5</string>
			<key>isa</key>
			<string>PBXBuildFile</string>
		</dict>
		<key>FBC889A7397D47DAA1FE18B7</key>
		<dict>
			<key>children</key>
			<array>
				<string>2A93DB4339814C8FAA0D99F5</string>
			</array>
			<key>isa</key>
			<string>PBXGroup</string>
			<key>name</key>
			<string>Frameworks</string>
			<key>sourceTree</key>
			<string>&lt;group&gt;</string>
		</dict>
	</dict>
	<key>rootObject</key>
	<string>08FB7793FE84155DC02AAC07</string>
</dict>
</plist>
