// !$*UTF8*$!
{
	archiveVersion = 1;
	classes = {
	};
	objectVersion = 46;
	objects = {

/* Begin PBXBuildFile section */
		5740DE7A19B66AB2007DB96C /* main.swift in Sources */ = {isa = PBXBuildFile; fileRef = 5740DE7919B66AB2007DB96C /* main.swift */; };
		57749A791B48A722008E4ECF /* CommandArguments.swift in Sources */ = {isa = PBXBuildFile; fileRef = 57749A651B48A722008E4ECF /* CommandArguments.swift */; };
		57749A7A1B48A722008E4ECF /* Options.swift in Sources */ = {isa = PBXBuildFile; fileRef = 57749A661B48A722008E4ECF /* Options.swift */; };
		57749A7B1B48A722008E4ECF /* RawArguments.swift in Sources */ = {isa = PBXBuildFile; fileRef = 57749A671B48A722008E4ECF /* RawArguments.swift */; };
		57749A7C1B48A722008E4ECF /* CLI.swift in Sources */ = {isa = PBXBuildFile; fileRef = 57749A691B48A722008E4ECF /* CLI.swift */; };
		57749A7D1B48A722008E4ECF /* CommandSignature.swift in Sources */ = {isa = PBXBuildFile; fileRef = 57749A6A1B48A722008E4ECF /* CommandSignature.swift */; };
		57749A7E1B48A722008E4ECF /* Extensions.swift in Sources */ = {isa = PBXBuildFile; fileRef = 57749A6B1B48A722008E4ECF /* Extensions.swift */; };
		57749A7F1B48A722008E4ECF /* Router.swift in Sources */ = {isa = PBXBuildFile; fileRef = 57749A6C1B48A722008E4ECF /* Router.swift */; };
		57749A801B48A722008E4ECF /* ChainableCommand.swift in Sources */ = {isa = PBXBuildFile; fileRef = 57749A6F1B48A722008E4ECF /* ChainableCommand.swift */; };
		57749A811B48A722008E4ECF /* Command.swift in Sources */ = {isa = PBXBuildFile; fileRef = 57749A701B48A722008E4ECF /* Command.swift */; };
		57749A821B48A722008E4ECF /* CommandMessageGenerator.swift in Sources */ = {isa = PBXBuildFile; fileRef = 57749A711B48A722008E4ECF /* CommandMessageGenerator.swift */; };
		57749A831B48A722008E4ECF /* LightweightCommand.swift in Sources */ = {isa = PBXBuildFile; fileRef = 57749A721B48A722008E4ECF /* LightweightCommand.swift */; };
		57749A841B48A722008E4ECF /* HelpCommand.swift in Sources */ = {isa = PBXBuildFile; fileRef = 57749A741B48A722008E4ECF /* HelpCommand.swift */; };
		57749A851B48A722008E4ECF /* VersionCommand.swift in Sources */ = {isa = PBXBuildFile; fileRef = 57749A751B48A722008E4ECF /* VersionCommand.swift */; };
		57749A861B48A722008E4ECF /* Input.swift in Sources */ = {isa = PBXBuildFile; fileRef = 57749A771B48A722008E4ECF /* Input.swift */; };
		57749A871B48A722008E4ECF /* Output.swift in Sources */ = {isa = PBXBuildFile; fileRef = 57749A781B48A722008E4ECF /* Output.swift */; };
		57A6F51D1A3E371A0059F83B /* WhereAmICommand.swift in Sources */ = {isa = PBXBuildFile; fileRef = 57A6F51C1A3E371A0059F83B /* WhereAmICommand.swift */; };
		57A6F5211A3E46F30059F83B /* WAIVersionCommand.swift in Sources */ = {isa = PBXBuildFile; fileRef = 57A6F5201A3E46F30059F83B /* WAIVersionCommand.swift */; };
/* End PBXBuildFile section */

/* Begin PBXCopyFilesBuildPhase section */
		5740DE7419B66AB2007DB96C /* CopyFiles */ = {
			isa = PBXCopyFilesBuildPhase;
			buildActionMask = 2147483647;
			dstPath = /usr/share/man/man1/;
			dstSubfolderSpec = 0;
			files = (
			);
			runOnlyForDeploymentPostprocessing = 1;
		};
/* End PBXCopyFilesBuildPhase section */

/* Begin PBXFileReference section */
		5740DE7619B66AB2007DB96C /* whereami */ = {isa = PBXFileReference; explicitFileType = "compiled.mach-o.executable"; includeInIndex = 0; path = whereami; sourceTree = BUILT_PRODUCTS_DIR; };
		5740DE7919B66AB2007DB96C /* main.swift */ = {isa = PBXFileReference; lastKnownFileType = sourcecode.swift; path = main.swift; sourceTree = "<group>"; };
		57749A651B48A722008E4ECF /* CommandArguments.swift */ = {isa = PBXFileReference; fileEncoding = 4; lastKnownFileType = sourcecode.swift; path = CommandArguments.swift; sourceTree = "<group>"; };
		57749A661B48A722008E4ECF /* Options.swift */ = {isa = PBXFileReference; fileEncoding = 4; lastKnownFileType = sourcecode.swift; path = Options.swift; sourceTree = "<group>"; };
		57749A671B48A722008E4ECF /* RawArguments.swift */ = {isa = PBXFileReference; fileEncoding = 4; lastKnownFileType = sourcecode.swift; path = RawArguments.swift; sourceTree = "<group>"; };
		57749A691B48A722008E4ECF /* CLI.swift */ = {isa = PBXFileReference; fileEncoding = 4; lastKnownFileType = sourcecode.swift; path = CLI.swift; sourceTree = "<group>"; };
		57749A6A1B48A722008E4ECF /* CommandSignature.swift */ = {isa = PBXFileReference; fileEncoding = 4; lastKnownFileType = sourcecode.swift; path = CommandSignature.swift; sourceTree = "<group>"; };
		57749A6B1B48A722008E4ECF /* Extensions.swift */ = {isa = PBXFileReference; fileEncoding = 4; lastKnownFileType = sourcecode.swift; path = Extensions.swift; sourceTree = "<group>"; };
		57749A6C1B48A722008E4ECF /* Router.swift */ = {isa = PBXFileReference; fileEncoding = 4; lastKnownFileType = sourcecode.swift; path = Router.swift; sourceTree = "<group>"; };
		57749A6F1B48A722008E4ECF /* ChainableCommand.swift */ = {isa = PBXFileReference; fileEncoding = 4; lastKnownFileType = sourcecode.swift; path = ChainableCommand.swift; sourceTree = "<group>"; };
		57749A701B48A722008E4ECF /* Command.swift */ = {isa = PBXFileReference; fileEncoding = 4; lastKnownFileType = sourcecode.swift; path = Command.swift; sourceTree = "<group>"; };
		57749A711B48A722008E4ECF /* CommandMessageGenerator.swift */ = {isa = PBXFileReference; fileEncoding = 4; lastKnownFileType = sourcecode.swift; path = CommandMessageGenerator.swift; sourceTree = "<group>"; };
		57749A721B48A722008E4ECF /* LightweightCommand.swift */ = {isa = PBXFileReference; fileEncoding = 4; lastKnownFileType = sourcecode.swift; path = LightweightCommand.swift; sourceTree = "<group>"; };
		57749A741B48A722008E4ECF /* HelpCommand.swift */ = {isa = PBXFileReference; fileEncoding = 4; lastKnownFileType = sourcecode.swift; path = HelpCommand.swift; sourceTree = "<group>"; };
		57749A751B48A722008E4ECF /* VersionCommand.swift */ = {isa = PBXFileReference; fileEncoding = 4; lastKnownFileType = sourcecode.swift; path = VersionCommand.swift; sourceTree = "<group>"; };
		57749A771B48A722008E4ECF /* Input.swift */ = {isa = PBXFileReference; fileEncoding = 4; lastKnownFileType = sourcecode.swift; path = Input.swift; sourceTree = "<group>"; };
		57749A781B48A722008E4ECF /* Output.swift */ = {isa = PBXFileReference; fileEncoding = 4; lastKnownFileType = sourcecode.swift; path = Output.swift; sourceTree = "<group>"; };
		57A6F51C1A3E371A0059F83B /* WhereAmICommand.swift */ = {isa = PBXFileReference; fileEncoding = 4; lastKnownFileType = sourcecode.swift; path = WhereAmICommand.swift; sourceTree = "<group>"; };
		57A6F5201A3E46F30059F83B /* WAIVersionCommand.swift */ = {isa = PBXFileReference; fileEncoding = 4; lastKnownFileType = sourcecode.swift; path = WAIVersionCommand.swift; sourceTree = "<group>"; };
		57DE650819B8BA020032578E /* Info.plist */ = {isa = PBXFileReference; fileEncoding = 4; lastKnownFileType = text.plist.xml; name = Info.plist; path = whereami/Info.plist; sourceTree = "<group>"; };
/* End PBXFileReference section */

/* Begin PBXFrameworksBuildPhase section */
		5740DE7319B66AB2007DB96C /* Frameworks */ = {
			isa = PBXFrameworksBuildPhase;
			buildActionMask = 2147483647;
			files = (
			);
			runOnlyForDeploymentPostprocessing = 0;
		};
/* End PBXFrameworksBuildPhase section */

/* Begin PBXGroup section */
		5740DE6D19B66AB2007DB96C = {
			isa = PBXGroup;
			children = (
				5740DE7819B66AB2007DB96C /* whereami */,
				5740DE7719B66AB2007DB96C /* Products */,
			);
			sourceTree = "<group>";
		};
		5740DE7719B66AB2007DB96C /* Products */ = {
			isa = PBXGroup;
			children = (
				5740DE7619B66AB2007DB96C /* whereami */,
			);
			name = Products;
			sourceTree = "<group>";
		};
		5740DE7819B66AB2007DB96C /* whereami */ = {
			isa = PBXGroup;
			children = (
				57749A631B48A722008E4ECF /* SwiftCLI */,
				57DE650719B8A8020032578E /* Supporting Files */,
				5740DE7919B66AB2007DB96C /* main.swift */,
				57A6F51C1A3E371A0059F83B /* WhereAmICommand.swift */,
				57A6F5201A3E46F30059F83B /* WAIVersionCommand.swift */,
			);
			path = whereami;
			sourceTree = "<group>";
		};
		57749A631B48A722008E4ECF /* SwiftCLI */ = {
			isa = PBXGroup;
			children = (
				57749A641B48A722008E4ECF /* Arguments */,
				57749A681B48A722008E4ECF /* CLI */,
				57749A6D1B48A722008E4ECF /* Commands */,
				57749A761B48A722008E4ECF /* IO */,
			);
			name = SwiftCLI;
			path = SwiftCLI/SwiftCLI;
			sourceTree = "<group>";
		};
		57749A641B48A722008E4ECF /* Arguments */ = {
			isa = PBXGroup;
			children = (
				57749A651B48A722008E4ECF /* CommandArguments.swift */,
				57749A661B48A722008E4ECF /* Options.swift */,
				57749A671B48A722008E4ECF /* RawArguments.swift */,
			);
			path = Arguments;
			sourceTree = "<group>";
		};
		57749A681B48A722008E4ECF /* CLI */ = {
			isa = PBXGroup;
			children = (
				57749A691B48A722008E4ECF /* CLI.swift */,
				57749A6A1B48A722008E4ECF /* CommandSignature.swift */,
				57749A6B1B48A722008E4ECF /* Extensions.swift */,
				57749A6C1B48A722008E4ECF /* Router.swift */,
			);
			path = CLI;
			sourceTree = "<group>";
		};
		57749A6D1B48A722008E4ECF /* Commands */ = {
			isa = PBXGroup;
			children = (
				57749A6E1B48A722008E4ECF /* Base */,
				57749A731B48A722008E4ECF /* Special */,
			);
			path = Commands;
			sourceTree = "<group>";
		};
		57749A6E1B48A722008E4ECF /* Base */ = {
			isa = PBXGroup;
			children = (
				57749A6F1B48A722008E4ECF /* ChainableCommand.swift */,
				57749A701B48A722008E4ECF /* Command.swift */,
				57749A711B48A722008E4ECF /* CommandMessageGenerator.swift */,
				57749A721B48A722008E4ECF /* LightweightCommand.swift */,
			);
			path = Base;
			sourceTree = "<group>";
		};
		57749A731B48A722008E4ECF /* Special */ = {
			isa = PBXGroup;
			children = (
				57749A741B48A722008E4ECF /* HelpCommand.swift */,
				57749A751B48A722008E4ECF /* VersionCommand.swift */,
			);
			path = Special;
			sourceTree = "<group>";
		};
		57749A761B48A722008E4ECF /* IO */ = {
			isa = PBXGroup;
			children = (
				57749A771B48A722008E4ECF /* Input.swift */,
				57749A781B48A722008E4ECF /* Output.swift */,
			);
			path = IO;
			sourceTree = "<group>";
		};
		57DE650719B8A8020032578E /* Supporting Files */ = {
			isa = PBXGroup;
			children = (
				57DE650819B8BA020032578E /* Info.plist */,
			);
			name = "Supporting Files";
			path = ..;
			sourceTree = "<group>";
		};
/* End PBXGroup section */

/* Begin PBXNativeTarget section */
		5740DE7519B66AB2007DB96C /* whereami */ = {
			isa = PBXNativeTarget;
			buildConfigurationList = 5740DE7D19B66AB2007DB96C /* Build configuration list for PBXNativeTarget "whereami" */;
			buildPhases = (
				5740DE7219B66AB2007DB96C /* Sources */,
				5740DE7319B66AB2007DB96C /* Frameworks */,
				5740DE7419B66AB2007DB96C /* CopyFiles */,
			);
			buildRules = (
			);
			dependencies = (
			);
			name = whereami;
			productName = whereami;
			productReference = 5740DE7619B66AB2007DB96C /* whereami */;
			productType = "com.apple.product-type.tool";
		};
/* End PBXNativeTarget section */

/* Begin PBXProject section */
		5740DE6E19B66AB2007DB96C /* Project object */ = {
			isa = PBXProject;
			attributes = {
				LastSwiftUpdateCheck = 0700;
				LastUpgradeCheck = 0700;
				ORGANIZATIONNAME = "Hand Forged";
				TargetAttributes = {
					5740DE7519B66AB2007DB96C = {
						CreatedOnToolsVersion = 6.0;
					};
				};
			};
			buildConfigurationList = 5740DE7119B66AB2007DB96C /* Build configuration list for PBXProject "whereami" */;
			compatibilityVersion = "Xcode 3.2";
			developmentRegion = English;
			hasScannedForEncodings = 0;
			knownRegions = (
				en,
			);
			mainGroup = 5740DE6D19B66AB2007DB96C;
			productRefGroup = 5740DE7719B66AB2007DB96C /* Products */;
			projectDirPath = "";
			projectRoot = "";
			targets = (
				5740DE7519B66AB2007DB96C /* whereami */,
			);
		};
/* End PBXProject section */

/* Begin PBXSourcesBuildPhase section */
		5740DE7219B66AB2007DB96C /* Sources */ = {
			isa = PBXSourcesBuildPhase;
			buildActionMask = 2147483647;
			files = (
				57A6F5211A3E46F30059F83B /* WAIVersionCommand.swift in Sources */,
				57749A7E1B48A722008E4ECF /* Extensions.swift in Sources */,
				57749A821B48A722008E4ECF /* CommandMessageGenerator.swift in Sources */,
				57749A7F1B48A722008E4ECF /* Router.swift in Sources */,
				57749A871B48A722008E4ECF /* Output.swift in Sources */,
				57749A851B48A722008E4ECF /* VersionCommand.swift in Sources */,
				57749A801B48A722008E4ECF /* ChainableCommand.swift in Sources */,
				57A6F51D1A3E371A0059F83B /* WhereAmICommand.swift in Sources */,
				57749A7D1B48A722008E4ECF /* CommandSignature.swift in Sources */,
				57749A791B48A722008E4ECF /* CommandArguments.swift in Sources */,
				57749A831B48A722008E4ECF /* LightweightCommand.swift in Sources */,
				57749A841B48A722008E4ECF /* HelpCommand.swift in Sources */,
				57749A7C1B48A722008E4ECF /* CLI.swift in Sources */,
				57749A7A1B48A722008E4ECF /* Options.swift in Sources */,
				5740DE7A19B66AB2007DB96C /* main.swift in Sources */,
				57749A861B48A722008E4ECF /* Input.swift in Sources */,
				57749A7B1B48A722008E4ECF /* RawArguments.swift in Sources */,
				57749A811B48A722008E4ECF /* Command.swift in Sources */,
			);
			runOnlyForDeploymentPostprocessing = 0;
		};
/* End PBXSourcesBuildPhase section */

/* Begin XCBuildConfiguration section */
		5740DE7B19B66AB2007DB96C /* Debug */ = {
			isa = XCBuildConfiguration;
			buildSettings = {
				ALWAYS_SEARCH_USER_PATHS = NO;
				CLANG_CXX_LANGUAGE_STANDARD = "gnu++0x";
				CLANG_CXX_LIBRARY = "libc++";
				CLANG_ENABLE_MODULES = YES;
				CLANG_ENABLE_OBJC_ARC = YES;
				CLANG_WARN_BOOL_CONVERSION = YES;
				CLANG_WARN_CONSTANT_CONVERSION = YES;
				CLANG_WARN_DIRECT_OBJC_ISA_USAGE = YES_ERROR;
				CLANG_WARN_EMPTY_BODY = YES;
				CLANG_WARN_ENUM_CONVERSION = YES;
				CLANG_WARN_INT_CONVERSION = YES;
				CLANG_WARN_OBJC_ROOT_CLASS = YES_ERROR;
				CLANG_WARN_UNREACHABLE_CODE = YES;
				CLANG_WARN__DUPLICATE_METHOD_MATCH = YES;
				COPY_PHASE_STRIP = NO;
				CREATE_INFOPLIST_SECTION_IN_BINARY = NO;
				ENABLE_STRICT_OBJC_MSGSEND = YES;
				ENABLE_TESTABILITY = YES;
				GCC_C_LANGUAGE_STANDARD = gnu99;
				GCC_DYNAMIC_NO_PIC = NO;
				GCC_OPTIMIZATION_LEVEL = 0;
				GCC_PREPROCESSOR_DEFINITIONS = (
					"DEBUG=1",
					"$(inherited)",
				);
				GCC_SYMBOLS_PRIVATE_EXTERN = NO;
				GCC_WARN_64_TO_32_BIT_CONVERSION = YES;
				GCC_WARN_ABOUT_RETURN_TYPE = YES_ERROR;
				GCC_WARN_UNDECLARED_SELECTOR = YES;
				GCC_WARN_UNINITIALIZED_AUTOS = YES_AGGRESSIVE;
				GCC_WARN_UNUSED_FUNCTION = YES;
				GCC_WARN_UNUSED_VARIABLE = YES;
				MACOSX_DEPLOYMENT_TARGET = 10.9;
				MTL_ENABLE_DEBUG_INFO = YES;
				ONLY_ACTIVE_ARCH = YES;
				OTHER_LDFLAGS = "";
				SDKROOT = macosx;
				SWIFT_OPTIMIZATION_LEVEL = "-Onone";
			};
			name = Debug;
		};
		5740DE7C19B66AB2007DB96C /* Release */ = {
			isa = XCBuildConfiguration;
			buildSettings = {
				ALWAYS_SEARCH_USER_PATHS = NO;
				CLANG_CXX_LANGUAGE_STANDARD = "gnu++0x";
				CLANG_CXX_LIBRARY = "libc++";
				CLANG_ENABLE_MODULES = YES;
				CLANG_ENABLE_OBJC_ARC = YES;
				CLANG_WARN_BOOL_CONVERSION = YES;
				CLANG_WARN_CONSTANT_CONVERSION = YES;
				CLANG_WARN_DIRECT_OBJC_ISA_USAGE = YES_ERROR;
				CLANG_WARN_EMPTY_BODY = YES;
				CLANG_WARN_ENUM_CONVERSION = YES;
				CLANG_WARN_INT_CONVERSION = YES;
				CLANG_WARN_OBJC_ROOT_CLASS = YES_ERROR;
				CLANG_WARN_UNREACHABLE_CODE = YES;
				CLANG_WARN__DUPLICATE_METHOD_MATCH = YES;
				COPY_PHASE_STRIP = YES;
				CREATE_INFOPLIST_SECTION_IN_BINARY = NO;
				DEBUG_INFORMATION_FORMAT = "dwarf-with-dsym";
				DEPLOYMENT_POSTPROCESSING = YES;
				DSTROOT = /;
				ENABLE_NS_ASSERTIONS = NO;
				ENABLE_STRICT_OBJC_MSGSEND = YES;
				GCC_C_LANGUAGE_STANDARD = gnu99;
				GCC_WARN_64_TO_32_BIT_CONVERSION = YES;
				GCC_WARN_ABOUT_RETURN_TYPE = YES_ERROR;
				GCC_WARN_UNDECLARED_SELECTOR = YES;
				GCC_WARN_UNINITIALIZED_AUTOS = YES_AGGRESSIVE;
				GCC_WARN_UNUSED_FUNCTION = YES;
				GCC_WARN_UNUSED_VARIABLE = YES;
				MACOSX_DEPLOYMENT_TARGET = 10.9;
				MTL_ENABLE_DEBUG_INFO = NO;
				OTHER_LDFLAGS = "";
				SDKROOT = macosx;
			};
			name = Release;
		};
		5740DE7E19B66AB2007DB96C /* Debug */ = {
			isa = XCBuildConfiguration;
			buildSettings = {
				OTHER_LDFLAGS = (
					"-sectcreate",
					__TEXT,
					__info_plist,
					whereami/Info.plist,
				);
				PRODUCT_NAME = "$(TARGET_NAME)";
			};
			name = Debug;
		};
		5740DE7F19B66AB2007DB96C /* Release */ = {
			isa = XCBuildConfiguration;
			buildSettings = {
				OTHER_LDFLAGS = (
					"-sectcreate",
					__TEXT,
					__info_plist,
					whereami/Info.plist,
				);
				PRODUCT_NAME = "$(TARGET_NAME)";
			};
			name = Release;
		};
/* End XCBuildConfiguration section */

/* Begin XCConfigurationList section */
		5740DE7119B66AB2007DB96C /* Build configuration list for PBXProject "whereami" */ = {
			isa = XCConfigurationList;
			buildConfigurations = (
				5740DE7B19B66AB2007DB96C /* Debug */,
				5740DE7C19B66AB2007DB96C /* Release */,
			);
			defaultConfigurationIsVisible = 0;
			defaultConfigurationName = Release;
		};
		5740DE7D19B66AB2007DB96C /* Build configuration list for PBXNativeTarget "whereami" */ = {
			isa = XCConfigurationList;
			buildConfigurations = (
				5740DE7E19B66AB2007DB96C /* Debug */,
				5740DE7F19B66AB2007DB96C /* Release */,
			);
			defaultConfigurationIsVisible = 0;
			defaultConfigurationName = Release;
		};
/* End XCConfigurationList section */
	};
	rootObject = 5740DE6E19B66AB2007DB96C /* Project object */;
}
